GEM
  remote: https://rubygems.org/
  specs:
    ansi (1.5.0)
    base64 (0.3.0)
    hashie (5.1.0)
      logger
    itamae (1.14.2)
      ansi
      hashie
      schash (~> 0.1.0)
      specinfra (>= 2.64.0, < 3.0.0)
      thor (>= 1.0.0)
    logger (1.7.0)
    net-scp (4.1.0)
      net-ssh (>= 2.6.5, < 8.0.0)
    net-ssh (7.3.0)
    net-telnet (0.2.0)
    schash (0.1.2)
    sfl (2.3)
    specinfra (2.94.2)
      base64
      net-scp
      net-ssh (>= 2.7)
      net-telnet
      sfl
    thor (1.5.0)

PLATFORMS
  ruby
  x86_64-linux

DEPENDENCIES
  itamae (~> 1.14, >= 1.14.2)

CHECKSUMS
  ansi (1.5.0) sha256=5408253274e33d9d27d4a98c46d2998266fd51cba58a7eb9d08f50e57ed23592
  base64 (0.3.0) sha256=27337aeabad6ffae05c265c450490628ef3ebd4b67be58257393227588f5a97b
  hashie (5.1.0) sha256=c266471896f323c446ea8207f8ffac985d2718df0a0ba98651a3057096ca3870
  itamae (1.14.2) sha256=9e278207f6a252960b66a1a8b0833c0b4f59f0d0dd00f09858fa2f1439d1bef8
  logger (1.7.0) sha256=196edec7cc44b66cfb40f9755ce11b392f21f7967696af15d274dde7edff0203
  net-scp (4.1.0) sha256=a99b0b92a1e5d360b0de4ffbf2dc0c91531502d3d4f56c28b0139a7c093d1a5d
  net-ssh (7.3.0) sha256=172076c4b30ce56fb25a03961b0c4da14e1246426401b0f89cba1a3b54bf3ef0
  net-telnet (0.2.0) sha256=253007c0f8dc3fd66e569d53ebbce5ef6e94d6246ab9c04d73a7629b0eebd39a
  schash (0.1.2) sha256=4da17d5c839f0ced08a5d8a2f306f4cccaa5f82c7b3c6e3cf17d5e5362174645
  sfl (2.3) sha256=99739e51c33062e3964e1802a700ee9cd8d0f9c389b2a07f8a5fdf84e186a4e2
  specinfra (2.94.2) sha256=68f809afcadcc1a2c5ae3f28a1714e667ad9b7ebfacad1fda9fc377e9fc56b96
  thor (1.5.0) sha256=e3a9e55fe857e44859ce104a84675ab6e8cd59c650a49106a05f55f136425e73

BUNDLED WITH
  4.0.3
